// !$*UTF8*$!
{
	archiveVersion = 1;
	classes = {
	};
	objectVersion = 50;
	objects = {

/* Begin PBXBuildFile section */
		1D4F99EB2446EB6000A27C2C /* PeripheralMgrViewController.swift in Sources */ = {isa = PBXBuildFile; fileRef = 1D4F99EA2446EB6000A27C2C /* PeripheralMgrViewController.swift */; };
		1D582F572440550600201664 /* AppDelegate.swift in Sources */ = {isa = PBXBuildFile; fileRef = 1D582F562440550600201664 /* AppDelegate.swift */; };
		1D582F5B2440550600201664 /* ViewController.swift in Sources */ = {isa = PBXBuildFile; fileRef = 1D582F5A2440550600201664 /* ViewController.swift */; };
		1D582F5E2440550600201664 /* Main.storyboard in Resources */ = {isa = PBXBuildFile; fileRef = 1D582F5C2440550600201664 /* Main.storyboard */; };
		1D582F602440550C00201664 /* Assets.xcassets in Resources */ = {isa = PBXBuildFile; fileRef = 1D582F5F2440550C00201664 /* Assets.xcassets */; };
		1D582F632440550C00201664 /* LaunchScreen.storyboard in Resources */ = {isa = PBXBuildFile; fileRef = 1D582F612440550C00201664 /* LaunchScreen.storyboard */; };
		1D582F6C2440556B00201664 /* CoreBluetooth.framework in Frameworks */ = {isa = PBXBuildFile; fileRef = 1D582F6B2440556B00201664 /* CoreBluetooth.framework */; };
		1D582F6E244058E800201664 /* CentralViewController.swift in Sources */ = {isa = PBXBuildFile; fileRef = 1D582F6D244058E800201664 /* CentralViewController.swift */; };
		1D6BC3FA2445A2D20016F127 /* PeripheralViewController.swift in Sources */ = {isa = PBXBuildFile; fileRef = 1D6BC3F92445A2D20016F127 /* PeripheralViewController.swift */; };
/* End PBXBuildFile section */

/* Begin PBXFileReference section */
		1D4F99EA2446EB6000A27C2C /* PeripheralMgrViewController.swift */ = {isa = PBXFileReference; lastKnownFileType = sourcecode.swift; path = PeripheralMgrViewController.swift; sourceTree = "<group>"; };
		1D582F532440550600201664 /* CoreBluetoothAction.app */ = {isa = PBXFileReference; explicitFileType = wrapper.application; includeInIndex = 0; path = CoreBluetoothAction.app; sourceTree = BUILT_PRODUCTS_DIR; };
		1D582F562440550600201664 /* AppDelegate.swift */ = {isa = PBXFileReference; lastKnownFileType = sourcecode.swift; path = AppDelegate.swift; sourceTree = "<group>"; };
		1D582F5A2440550600201664 /* ViewController.swift */ = {isa = PBXFileReference; lastKnownFileType = sourcecode.swift; path = ViewController.swift; sourceTree = "<group>"; };
		1D582F5D2440550600201664 /* Base */ = {isa = PBXFileReference; lastKnownFileType = file.storyboard; name = Base; path = Base.lproj/Main.storyboard; sourceTree = "<group>"; };
		1D582F5F2440550C00201664 /* Assets.xcassets */ = {isa = PBXFileReference; lastKnownFileType = folder.assetcatalog; path = Assets.xcassets; sourceTree = "<group>"; };
		1D582F622440550C00201664 /* Base */ = {isa = PBXFileReference; lastKnownFileType = file.storyboard; name = Base; path = Base.lproj/LaunchScreen.storyboard; sourceTree = "<group>"; };
		1D582F642440550C00201664 /* Info.plist */ = {isa = PBXFileReference; lastKnownFileType = text.plist.xml; path = Info.plist; sourceTree = "<group>"; };
		1D582F6B2440556B00201664 /* CoreBluetooth.framework */ = {isa = PBXFileReference; lastKnownFileType = wrapper.framework; name = CoreBluetooth.framework; path = System/Library/Frameworks/CoreBluetooth.framework; sourceTree = SDKROOT; };
		1D582F6D244058E800201664 /* CentralViewController.swift */ = {isa = PBXFileReference; lastKnownFileType = sourcecode.swift; path = CentralViewController.swift; sourceTree = "<group>"; };
		1D6BC3F92445A2D20016F127 /* PeripheralViewController.swift */ = {isa = PBXFileReference; lastKnownFileType = sourcecode.swift; path = PeripheralViewController.swift; sourceTree = "<group>"; };
/* End PBXFileReference section */

/* Begin PBXFrameworksBuildPhase section */
		1D582F502440550600201664 /* Frameworks */ = {
			isa = PBXFrameworksBuildPhase;
			buildActionMask = 2147483647;
			files = (
				1D582F6C2440556B00201664 /* CoreBluetooth.framework in Frameworks */,
			);
			runOnlyForDeploymentPostprocessing = 0;
		};
/* End PBXFrameworksBuildPhase section */

/* Begin PBXGroup section */
		1D4F99E92446EB1F00A27C2C /* 作为外设 */ = {
			isa = PBXGroup;
			children = (
				1D4F99EA2446EB6000A27C2C /* PeripheralMgrViewController.swift */,
			);
			path = "作为外设";
			sourceTree = "<group>";
		};
		1D582F4A2440550600201664 = {
			isa = PBXGroup;
			children = (
				1D582F552440550600201664 /* CoreBluetoothAction */,
				1D582F542440550600201664 /* Products */,
				1D582F6A2440556B00201664 /* Frameworks */,
			);
			sourceTree = "<group>";
		};
		1D582F542440550600201664 /* Products */ = {
			isa = PBXGroup;
			children = (
				1D582F532440550600201664 /* CoreBluetoothAction.app */,
			);
			name = Products;
			sourceTree = "<group>";
		};
		1D582F552440550600201664 /* CoreBluetoothAction */ = {
			isa = PBXGroup;
			children = (
				1D582F562440550600201664 /* AppDelegate.swift */,
				1D582F5A2440550600201664 /* ViewController.swift */,
				1D582F6D244058E800201664 /* CentralViewController.swift */,
				1D4F99E92446EB1F00A27C2C /* 作为外设 */,
				1D6BC3F92445A2D20016F127 /* PeripheralViewController.swift */,
				1D582F5C2440550600201664 /* Main.storyboard */,
				1D582F5F2440550C00201664 /* Assets.xcassets */,
				1D582F612440550C00201664 /* LaunchScreen.storyboard */,
				1D582F642440550C00201664 /* Info.plist */,
			);
			path = CoreBluetoothAction;
			sourceTree = "<group>";
		};
		1D582F6A2440556B00201664 /* Frameworks */ = {
			isa = PBXGroup;
			children = (
				1D582F6B2440556B00201664 /* CoreBluetooth.framework */,
			);
			name = Frameworks;
			sourceTree = "<group>";
		};
/* End PBXGroup section */

/* Begin PBXNativeTarget section */
		1D582F522440550600201664 /* CoreBluetoothAction */ = {
			isa = PBXNativeTarget;
			buildConfigurationList = 1D582F672440550C00201664 /* Build configuration list for PBXNativeTarget "CoreBluetoothAction" */;
			buildPhases = (
				1D582F4F2440550600201664 /* Sources */,
				1D582F502440550600201664 /* Frameworks */,
				1D582F512440550600201664 /* Resources */,
			);
			buildRules = (
			);
			dependencies = (
			);
			name = CoreBluetoothAction;
			productName = CoreBluetoothAction;
			productReference = 1D582F532440550600201664 /* CoreBluetoothAction.app */;
			productType = "com.apple.product-type.application";
		};
/* End PBXNativeTarget section */

/* Begin PBXProject section */
		1D582F4B2440550600201664 /* Project object */ = {
			isa = PBXProject;
			attributes = {
				LastSwiftUpdateCheck = 1130;
				LastUpgradeCheck = 1130;
				ORGANIZATIONNAME = EzioChan;
				TargetAttributes = {
					1D582F522440550600201664 = {
						CreatedOnToolsVersion = 11.3.1;
					};
				};
			};
			buildConfigurationList = 1D582F4E2440550600201664 /* Build configuration list for PBXProject "CoreBluetoothAction" */;
			compatibilityVersion = "Xcode 9.3";
			developmentRegion = en;
			hasScannedForEncodings = 0;
			knownRegions = (
				en,
				Base,
			);
			mainGroup = 1D582F4A2440550600201664;
			productRefGroup = 1D582F542440550600201664 /* Products */;
			projectDirPath = "";
			projectRoot = "";
			targets = (
				1D582F522440550600201664 /* CoreBluetoothAction */,
			);
		};
/* End PBXProject section */

/* Begin PBXResourcesBuildPhase section */
		1D582F512440550600201664 /* Resources */ = {
			isa = PBXResourcesBuildPhase;
			buildActionMask = 2147483647;
			files = (
				1D582F632440550C00201664 /* LaunchScreen.storyboard in Resources */,
				1D582F602440550C00201664 /* Assets.xcassets in Resources */,
				1D582F5E2440550600201664 /* Main.storyboard in Resources */,
			);
			runOnlyForDeploymentPostprocessing = 0;
		};
/* End PBXResourcesBuildPhase section */

/* Begin PBXSourcesBuildPhase section */
		1D582F4F2440550600201664 /* Sources */ = {
			isa = PBXSourcesBuildPhase;
			buildActionMask = 2147483647;
			files = (
				1D6BC3FA2445A2D20016F127 /* PeripheralViewController.swift in Sources */,
				1D582F5B2440550600201664 /* ViewController.swift in Sources */,
				1D582F6E244058E800201664 /* CentralViewController.swift in Sources */,
				1D4F99EB2446EB6000A27C2C /* PeripheralMgrViewController.swift in Sources */,
				1D582F572440550600201664 /* AppDelegate.swift in Sources */,
			);
			runOnlyForDeploymentPostprocessing = 0;
		};
/* End PBXSourcesBuildPhase section */

/* Begin PBXVariantGroup section */
		1D582F5C2440550600201664 /* Main.storyboard */ = {
			isa = PBXVariantGroup;
			children = (
				1D582F5D2440550600201664 /* Base */,
			);
			name = Main.storyboard;
			sourceTree = "<group>";
		};
		1D582F612440550C00201664 /* LaunchScreen.storyboard */ = {
			isa = PBXVariantGroup;
			children = (
				1D582F622440550C00201664 /* Base */,
			);
			name = LaunchScreen.storyboard;
			sourceTree = "<group>";
		};
/* End PBXVariantGroup section */

/* Begin XCBuildConfiguration section */
		1D582F652440550C00201664 /* Debug */ = {
			isa = XCBuildConfiguration;
			buildSettings = {
				ALWAYS_SEARCH_USER_PATHS = NO;
				CLANG_ANALYZER_NONNULL = YES;
				CLANG_ANALYZER_NUMBER_OBJECT_CONVERSION = YES_AGGRESSIVE;
				CLANG_CXX_LANGUAGE_STANDARD = "gnu++14";
				CLANG_CXX_LIBRARY = "libc++";
				CLANG_ENABLE_MODULES = YES;
				CLANG_ENABLE_OBJC_ARC = YES;
				CLANG_ENABLE_OBJC_WEAK = YES;
				CLANG_WARN_BLOCK_CAPTURE_AUTORELEASING = YES;
				CLANG_WARN_BOOL_CONVERSION = YES;
				CLANG_WARN_COMMA = YES;
				CLANG_WARN_CONSTANT_CONVERSION = YES;
				CLANG_WARN_DEPRECATED_OBJC_IMPLEMENTATIONS = YES;
				CLANG_WARN_DIRECT_OBJC_ISA_USAGE = YES_ERROR;
				CLANG_WARN_DOCUMENTATION_COMMENTS = YES;
				CLANG_WARN_EMPTY_BODY = YES;
				CLANG_WARN_ENUM_CONVERSION = YES;
				CLANG_WARN_INFINITE_RECURSION = YES;
				CLANG_WARN_INT_CONVERSION = YES;
				CLANG_WARN_NON_LITERAL_NULL_CONVERSION = YES;
				CLANG_WARN_OBJC_IMPLICIT_RETAIN_SELF = YES;
				CLANG_WARN_OBJC_LITERAL_CONVERSION = YES;
				CLANG_WARN_OBJC_ROOT_CLASS = YES_ERROR;
				CLANG_WARN_RANGE_LOOP_ANALYSIS = YES;
				CLANG_WARN_STRICT_PROTOTYPES = YES;
				CLANG_WARN_SUSPICIOUS_MOVE = YES;
				CLANG_WARN_UNGUARDED_AVAILABILITY = YES_AGGRESSIVE;
				CLANG_WARN_UNREACHABLE_CODE = YES;
				CLANG_WARN__DUPLICATE_METHOD_MATCH = YES;
				COPY_PHASE_STRIP = NO;
				DEBUG_INFORMATION_FORMAT = dwarf;
				ENABLE_STRICT_OBJC_MSGSEND = YES;
				ENABLE_TESTABILITY = YES;
				GCC_C_LANGUAGE_STANDARD = gnu11;
				GCC_DYNAMIC_NO_PIC = NO;
				GCC_NO_COMMON_BLOCKS = YES;
				GCC_OPTIMIZATION_LEVEL = 0;
				GCC_PREPROCESSOR_DEFINITIONS = (
					"DEBUG=1",
					"$(inherited)",
				);
				GCC_WARN_64_TO_32_BIT_CONVERSION = YES;
				GCC_WARN_ABOUT_RETURN_TYPE = YES_ERROR;
				GCC_WARN_UNDECLARED_SELECTOR = YES;
				GCC_WARN_UNINITIALIZED_AUTOS = YES_AGGRESSIVE;
				GCC_WARN_UNUSED_FUNCTION = YES;
				GCC_WARN_UNUSED_VARIABLE = YES;
				IPHONEOS_DEPLOYMENT_TARGET = 13.2;
				MTL_ENABLE_DEBUG_INFO = INCLUDE_SOURCE;
				MTL_FAST_MATH = YES;
				ONLY_ACTIVE_ARCH = YES;
				SDKROOT = iphoneos;
				SWIFT_ACTIVE_COMPILATION_CONDITIONS = DEBUG;
				SWIFT_OPTIMIZATION_LEVEL = "-Onone";
			};
			name = Debug;
		};
		1D582F662440550C00201664 /* Release */ = {
			isa = XCBuildConfiguration;
			buildSettings = {
				ALWAYS_SEARCH_USER_PATHS = NO;
				CLANG_ANALYZER_NONNULL = YES;
				CLANG_ANALYZER_NUMBER_OBJECT_CONVERSION = YES_AGGRESSIVE;
				CLANG_CXX_LANGUAGE_STANDARD = "gnu++14";
				CLANG_CXX_LIBRARY = "libc++";
				CLANG_ENABLE_MODULES = YES;
				CLANG_ENABLE_OBJC_ARC = YES;
				CLANG_ENABLE_OBJC_WEAK = YES;
				CLANG_WARN_BLOCK_CAPTURE_AUTORELEASING = YES;
				CLANG_WARN_BOOL_CONVERSION = YES;
				CLANG_WARN_COMMA = YES;
				CLANG_WARN_CONSTANT_CONVERSION = YES;
				CLANG_WARN_DEPRECATED_OBJC_IMPLEMENTATIONS = YES;
				CLANG_WARN_DIRECT_OBJC_ISA_USAGE = YES_ERROR;
				CLANG_WARN_DOCUMENTATION_COMMENTS = YES;
				CLANG_WARN_EMPTY_BODY = YES;
				CLANG_WARN_ENUM_CONVERSION = YES;
				CLANG_WARN_INFINITE_RECURSION = YES;
				CLANG_WARN_INT_CONVERSION = YES;
				CLANG_WARN_NON_LITERAL_NULL_CONVERSION = YES;
				CLANG_WARN_OBJC_IMPLICIT_RETAIN_SELF = YES;
				CLANG_WARN_OBJC_LITERAL_CONVERSION = YES;
				CLANG_WARN_OBJC_ROOT_CLASS = YES_ERROR;
				CLANG_WARN_RANGE_LOOP_ANALYSIS = YES;
				CLANG_WARN_STRICT_PROTOTYPES = YES;
				CLANG_WARN_SUSPICIOUS_MOVE = YES;
				CLANG_WARN_UNGUARDED_AVAILABILITY = YES_AGGRESSIVE;
				CLANG_WARN_UNREACHABLE_CODE = YES;
				CLANG_WARN__DUPLICATE_METHOD_MATCH = YES;
				COPY_PHASE_STRIP = NO;
				DEBUG_INFORMATION_FORMAT = "dwarf-with-dsym";
				ENABLE_NS_ASSERTIONS = NO;
				ENABLE_STRICT_OBJC_MSGSEND = YES;
				GCC_C_LANGUAGE_STANDARD = gnu11;
				GCC_NO_COMMON_BLOCKS = YES;
				GCC_WARN_64_TO_32_BIT_CONVERSION = YES;
				GCC_WARN_ABOUT_RETURN_TYPE = YES_ERROR;
				GCC_WARN_UNDECLARED_SELECTOR = YES;
				GCC_WARN_UNINITIALIZED_AUTOS = YES_AGGRESSIVE;
				GCC_WARN_UNUSED_FUNCTION = YES;
				GCC_WARN_UNUSED_VARIABLE = YES;
				IPHONEOS_DEPLOYMENT_TARGET = 13.2;
				MTL_ENABLE_DEBUG_INFO = NO;
				MTL_FAST_MATH = YES;
				SDKROOT = iphoneos;
				SWIFT_COMPILATION_MODE = wholemodule;
				SWIFT_OPTIMIZATION_LEVEL = "-O";
				VALIDATE_PRODUCT = YES;
			};
			name = Release;
		};
		1D582F682440550C00201664 /* Debug */ = {
			isa = XCBuildConfiguration;
			buildSettings = {
				ASSETCATALOG_COMPILER_APPICON_NAME = AppIcon;
				CODE_SIGN_STYLE = Automatic;
				DEVELOPMENT_TEAM = J8GU9SL7NG;
				INFOPLIST_FILE = CoreBluetoothAction/Info.plist;
				IPHONEOS_DEPLOYMENT_TARGET = 10.0;
				LD_RUNPATH_SEARCH_PATHS = (
					"$(inherited)",
					"@executable_path/Frameworks",
				);
				PRODUCT_BUNDLE_IDENTIFIER = "zh-jieli.CoreBluetoothAction";
				PRODUCT_NAME = "$(TARGET_NAME)";
				SWIFT_VERSION = 5.0;
				TARGETED_DEVICE_FAMILY = 1;
			};
			name = Debug;
		};
		1D582F692440550C00201664 /* Release */ = {
			isa = XCBuildConfiguration;
			buildSettings = {
				ASSETCATALOG_COMPILER_APPICON_NAME = AppIcon;
				CODE_SIGN_STYLE = Automatic;
				DEVELOPMENT_TEAM = J8GU9SL7NG;
				INFOPLIST_FILE = CoreBluetoothAction/Info.plist;
				IPHONEOS_DEPLOYMENT_TARGET = 10.0;
				LD_RUNPATH_SEARCH_PATHS = (
					"$(inherited)",
					"@executable_path/Frameworks",
				);
				PRODUCT_BUNDLE_IDENTIFIER = "zh-jieli.CoreBluetoothAction";
				PRODUCT_NAME = "$(TARGET_NAME)";
				SWIFT_VERSION = 5.0;
				TARGETED_DEVICE_FAMILY = 1;
			};
			name = Release;
		};
/* End XCBuildConfiguration section */

/* Begin XCConfigurationList section */
		1D582F4E2440550600201664 /* Build configuration list for PBXProject "CoreBluetoothAction" */ = {
			isa = XCConfigurationList;
			buildConfigurations = (
				1D582F652440550C00201664 /* Debug */,
				1D582F662440550C00201664 /* Release */,
			);
			defaultConfigurationIsVisible = 0;
			defaultConfigurationName = Release;
		};
		1D582F672440550C00201664 /* Build configuration list for PBXNativeTarget "CoreBluetoothAction" */ = {
			isa = XCConfigurationList;
			buildConfigurations = (
				1D582F682440550C00201664 /* Debug */,
				1D582F692440550C00201664 /* Release */,
			);
			defaultConfigurationIsVisible = 0;
			defaultConfigurationName = Release;
		};
/* End XCConfigurationList section */
	};
	rootObject = 1D582F4B2440550600201664 /* Project object */;
}
